
Microsoft Visual Studio Solution File, Format Version 12.00
# Visual Studio Version 17
VisualStudioVersion = 17.14.35806.103 d17.14
MinimumVisualStudioVersion = 10.0.40219.1
Project("{FAE04EC0-301F-11D3-BF4B-00C04F79EFBC}") = "Ocak1HaftaNetOdev", "Ocak1HaftaNetOdev\Ocak1HaftaNetOdev.csproj", "{FAB8AECD-694A-4375-AAC3-27F5C82C555E}"
EndProject
Global
	GlobalSection(SolutionConfigurationPlatforms) = preSolution
		Debug|Any CPU = Debug|Any CPU
		Release|Any CPU = Release|Any CPU
	EndGlobalSection
	GlobalSection(ProjectConfigurationPlatforms) = postSolution
		{FAB8AECD-694A-4375-AAC3-27F5C82C555E}.Debug|Any CPU.ActiveCfg = Debug|Any CPU
		{FAB8AECD-694A-4375-AAC3-27F5C82C555E}.Debug|Any CPU.Build.0 = Debug|Any CPU
		{FAB8AECD-694A-4375-AAC3-27F5C82C555E}.Release|Any CPU.ActiveCfg = Release|Any CPU
		{FAB8AECD-694A-4375-AAC3-27F5C82C555E}.Release|Any CPU.Build.0 = Release|Any CPU
	EndGlobalSection
	GlobalSection(SolutionProperties) = preSolution
		HideSolutionNode = FALSE
	EndGlobalSection
	GlobalSection(ExtensibilityGlobals) = postSolution
		SolutionGuid = {3D0F5D0C-4FAD-4B10-9400-8AE65C1552D8}
	EndGlobalSection
EndGlobal
