
Microsoft Visual Studio Solution File, Format Version 12.00
# Visual Studio Version 17
VisualStudioVersion = 17.14.35806.103 d17.14
MinimumVisualStudioVersion = 10.0.40219.1
Project("{FAE04EC0-301F-11D3-BF4B-00C04F79EFBC}") = "ProductAPI", "ProductAPI\ProductAPI.csproj", "{42953858-1F12-49F9-8F16-BCF2F1A2EC6B}"
EndProject
Global
	GlobalSection(SolutionConfigurationPlatforms) = preSolution
		Debug|Any CPU = Debug|Any CPU
		Release|Any CPU = Release|Any CPU
	EndGlobalSection
	GlobalSection(ProjectConfigurationPlatforms) = postSolution
		{42953858-1F12-49F9-8F16-BCF2F1A2EC6B}.Debug|Any CPU.ActiveCfg = Debug|Any CPU
		{42953858-1F12-49F9-8F16-BCF2F1A2EC6B}.Debug|Any CPU.Build.0 = Debug|Any CPU
		{42953858-1F12-49F9-8F16-BCF2F1A2EC6B}.Release|Any CPU.ActiveCfg = Release|Any CPU
		{42953858-1F12-49F9-8F16-BCF2F1A2EC6B}.Release|Any CPU.Build.0 = Release|Any CPU
	EndGlobalSection
	GlobalSection(SolutionProperties) = preSolution
		HideSolutionNode = FALSE
	EndGlobalSection
	GlobalSection(ExtensibilityGlobals) = postSolution
		SolutionGuid = {B951B324-6ED4-4176-862C-1FDA3D8487A7}
	EndGlobalSection
EndGlobal
