
Microsoft Visual Studio Solution File, Format Version 12.00
# Visual Studio Version 17
VisualStudioVersion = 17.14.35806.103 d17.14
MinimumVisualStudioVersion = 10.0.40219.1
Project("{FAE04EC0-301F-11D3-BF4B-00C04F79EFBC}") = "Ocak4HaftaNetOdev", "Ocak4HaftaNetOdev\Ocak4HaftaNetOdev.csproj", "{87A32F8D-790D-4D8A-98CC-2DBAF3C5DF5C}"
EndProject
Global
	GlobalSection(SolutionConfigurationPlatforms) = preSolution
		Debug|Any CPU = Debug|Any CPU
		Release|Any CPU = Release|Any CPU
	EndGlobalSection
	GlobalSection(ProjectConfigurationPlatforms) = postSolution
		{87A32F8D-790D-4D8A-98CC-2DBAF3C5DF5C}.Debug|Any CPU.ActiveCfg = Debug|Any CPU
		{87A32F8D-790D-4D8A-98CC-2DBAF3C5DF5C}.Debug|Any CPU.Build.0 = Debug|Any CPU
		{87A32F8D-790D-4D8A-98CC-2DBAF3C5DF5C}.Release|Any CPU.ActiveCfg = Release|Any CPU
		{87A32F8D-790D-4D8A-98CC-2DBAF3C5DF5C}.Release|Any CPU.Build.0 = Release|Any CPU
	EndGlobalSection
	GlobalSection(SolutionProperties) = preSolution
		HideSolutionNode = FALSE
	EndGlobalSection
	GlobalSection(ExtensibilityGlobals) = postSolution
		SolutionGuid = {9A4FB038-BADC-42E8-B65D-32FD2AD7ECBC}
	EndGlobalSection
EndGlobal
