
Microsoft Visual Studio Solution File, Format Version 12.00
# Visual Studio Version 17
VisualStudioVersion = 17.14.35806.103 d17.14
MinimumVisualStudioVersion = 10.0.40219.1
Project("{FAE04EC0-301F-11D3-BF4B-00C04F79EFBC}") = "BootcampOdevHafta2", "BootcampOdevHafta2\BootcampOdevHafta2.csproj", "{F91C4539-35AD-4EE2-9648-067C3E22AA0E}"
EndProject
Global
	GlobalSection(SolutionConfigurationPlatforms) = preSolution
		Debug|Any CPU = Debug|Any CPU
		Release|Any CPU = Release|Any CPU
	EndGlobalSection
	GlobalSection(ProjectConfigurationPlatforms) = postSolution
		{F91C4539-35AD-4EE2-9648-067C3E22AA0E}.Debug|Any CPU.ActiveCfg = Debug|Any CPU
		{F91C4539-35AD-4EE2-9648-067C3E22AA0E}.Debug|Any CPU.Build.0 = Debug|Any CPU
		{F91C4539-35AD-4EE2-9648-067C3E22AA0E}.Release|Any CPU.ActiveCfg = Release|Any CPU
		{F91C4539-35AD-4EE2-9648-067C3E22AA0E}.Release|Any CPU.Build.0 = Release|Any CPU
	EndGlobalSection
	GlobalSection(SolutionProperties) = preSolution
		HideSolutionNode = FALSE
	EndGlobalSection
	GlobalSection(ExtensibilityGlobals) = postSolution
		SolutionGuid = {AA4C2F8B-AE32-4030-9802-444E9AB336CB}
	EndGlobalSection
EndGlobal
