
Microsoft Visual Studio Solution File, Format Version 12.00
# Visual Studio Version 17
VisualStudioVersion = 17.14.35806.103 d17.14
MinimumVisualStudioVersion = 10.0.40219.1
Project("{FAE04EC0-301F-11D3-BF4B-00C04F79EFBC}") = "BootCampProject.Core", "BootCampProject.Core\BootCampProject.Core.csproj", "{B7B12091-3EBA-40CA-B29A-EE97B8EB200E}"
EndProject
Project("{FAE04EC0-301F-11D3-BF4B-00C04F79EFBC}") = "BootCampProject.Entities", "BootCampProject.Entities\BootCampProject.Entities.csproj", "{3BE2B53B-1D6B-46D7-9F58-CAC9DC5AEDCD}"
EndProject
Project("{FAE04EC0-301F-11D3-BF4B-00C04F79EFBC}") = "BootCampProject.Repositories", "BootCampProject.Repositories\BootCampProject.Repositories.csproj", "{7215F9E9-25FE-42CA-A231-9A13910BB2FE}"
EndProject
Project("{FAE04EC0-301F-11D3-BF4B-00C04F79EFBC}") = "BootCampProject.Business", "BootCampProject.Business\BootCampProject.Business.csproj", "{7E803F6A-EDC0-43AD-91B3-DC9809ECDF2C}"
EndProject
Project("{FAE04EC0-301F-11D3-BF4B-00C04F79EFBC}") = "BootCampProject.WebAPI", "BootCampProject.WebAPI\BootCampProject.WebAPI.csproj", "{7A775574-34C5-4D28-97E6-B4C0D32AF489}"
EndProject
Global
	GlobalSection(SolutionConfigurationPlatforms) = preSolution
		Debug|Any CPU = Debug|Any CPU
		Release|Any CPU = Release|Any CPU
	EndGlobalSection
	GlobalSection(ProjectConfigurationPlatforms) = postSolution
		{B7B12091-3EBA-40CA-B29A-EE97B8EB200E}.Debug|Any CPU.ActiveCfg = Debug|Any CPU
		{B7B12091-3EBA-40CA-B29A-EE97B8EB200E}.Debug|Any CPU.Build.0 = Debug|Any CPU
		{B7B12091-3EBA-40CA-B29A-EE97B8EB200E}.Release|Any CPU.ActiveCfg = Release|Any CPU
		{B7B12091-3EBA-40CA-B29A-EE97B8EB200E}.Release|Any CPU.Build.0 = Release|Any CPU
		{3BE2B53B-1D6B-46D7-9F58-CAC9DC5AEDCD}.Debug|Any CPU.ActiveCfg = Debug|Any CPU
		{3BE2B53B-1D6B-46D7-9F58-CAC9DC5AEDCD}.Debug|Any CPU.Build.0 = Debug|Any CPU
		{3BE2B53B-1D6B-46D7-9F58-CAC9DC5AEDCD}.Release|Any CPU.ActiveCfg = Release|Any CPU
		{3BE2B53B-1D6B-46D7-9F58-CAC9DC5AEDCD}.Release|Any CPU.Build.0 = Release|Any CPU
		{7215F9E9-25FE-42CA-A231-9A13910BB2FE}.Debug|Any CPU.ActiveCfg = Debug|Any CPU
		{7215F9E9-25FE-42CA-A231-9A13910BB2FE}.Debug|Any CPU.Build.0 = Debug|Any CPU
		{7215F9E9-25FE-42CA-A231-9A13910BB2FE}.Release|Any CPU.ActiveCfg = Release|Any CPU
		{7215F9E9-25FE-42CA-A231-9A13910BB2FE}.Release|Any CPU.Build.0 = Release|Any CPU
		{7E803F6A-EDC0-43AD-91B3-DC9809ECDF2C}.Debug|Any CPU.ActiveCfg = Debug|Any CPU
		{7E803F6A-EDC0-43AD-91B3-DC9809ECDF2C}.Debug|Any CPU.Build.0 = Debug|Any CPU
		{7E803F6A-EDC0-43AD-91B3-DC9809ECDF2C}.Release|Any CPU.ActiveCfg = Release|Any CPU
		{7E803F6A-EDC0-43AD-91B3-DC9809ECDF2C}.Release|Any CPU.Build.0 = Release|Any CPU
		{7A775574-34C5-4D28-97E6-B4C0D32AF489}.Debug|Any CPU.ActiveCfg = Debug|Any CPU
		{7A775574-34C5-4D28-97E6-B4C0D32AF489}.Debug|Any CPU.Build.0 = Debug|Any CPU
		{7A775574-34C5-4D28-97E6-B4C0D32AF489}.Release|Any CPU.ActiveCfg = Release|Any CPU
		{7A775574-34C5-4D28-97E6-B4C0D32AF489}.Release|Any CPU.Build.0 = Release|Any CPU
	EndGlobalSection
	GlobalSection(SolutionProperties) = preSolution
		HideSolutionNode = FALSE
	EndGlobalSection
	GlobalSection(ExtensibilityGlobals) = postSolution
		SolutionGuid = {15B01995-BAD1-4532-BCEC-F1FBD510E930}
	EndGlobalSection
EndGlobal
