
Microsoft Visual Studio Solution File, Format Version 12.00
# Visual Studio Version 17
VisualStudioVersion = 17.14.35806.103 d17.14
MinimumVisualStudioVersion = 10.0.40219.1
Project("{FAE04EC0-301F-11D3-BF4B-00C04F79EFBC}") = "Subat1HaftaNetOdev", "Subat1HaftaNetOdev\Subat1HaftaNetOdev.csproj", "{7FEF0296-F493-4ACE-8EC6-6EFE281FF6B6}"
EndProject
Global
	GlobalSection(SolutionConfigurationPlatforms) = preSolution
		Debug|Any CPU = Debug|Any CPU
		Release|Any CPU = Release|Any CPU
	EndGlobalSection
	GlobalSection(ProjectConfigurationPlatforms) = postSolution
		{7FEF0296-F493-4ACE-8EC6-6EFE281FF6B6}.Debug|Any CPU.ActiveCfg = Debug|Any CPU
		{7FEF0296-F493-4ACE-8EC6-6EFE281FF6B6}.Debug|Any CPU.Build.0 = Debug|Any CPU
		{7FEF0296-F493-4ACE-8EC6-6EFE281FF6B6}.Release|Any CPU.ActiveCfg = Release|Any CPU
		{7FEF0296-F493-4ACE-8EC6-6EFE281FF6B6}.Release|Any CPU.Build.0 = Release|Any CPU
	EndGlobalSection
	GlobalSection(SolutionProperties) = preSolution
		HideSolutionNode = FALSE
	EndGlobalSection
	GlobalSection(ExtensibilityGlobals) = postSolution
		SolutionGuid = {99ABDB28-8113-49A3-AD28-F5ABD77B7E95}
	EndGlobalSection
EndGlobal
