
Microsoft Visual Studio Solution File, Format Version 12.00
# Visual Studio Version 17
VisualStudioVersion = 17.14.35806.103 d17.14
MinimumVisualStudioVersion = 10.0.40219.1
Project("{FAE04EC0-301F-11D3-BF4B-00C04F79EFBC}") = "acunmedya-hafta1-odev", "acunmedya-hafta1-odev\acunmedya-hafta1-odev.csproj", "{DBB5E946-191F-4DD3-A892-B1F611B22F4C}"
EndProject
Global
	GlobalSection(SolutionConfigurationPlatforms) = preSolution
		Debug|Any CPU = Debug|Any CPU
		Release|Any CPU = Release|Any CPU
	EndGlobalSection
	GlobalSection(ProjectConfigurationPlatforms) = postSolution
		{DBB5E946-191F-4DD3-A892-B1F611B22F4C}.Debug|Any CPU.ActiveCfg = Debug|Any CPU
		{DBB5E946-191F-4DD3-A892-B1F611B22F4C}.Debug|Any CPU.Build.0 = Debug|Any CPU
		{DBB5E946-191F-4DD3-A892-B1F611B22F4C}.Release|Any CPU.ActiveCfg = Release|Any CPU
		{DBB5E946-191F-4DD3-A892-B1F611B22F4C}.Release|Any CPU.Build.0 = Release|Any CPU
	EndGlobalSection
	GlobalSection(SolutionProperties) = preSolution
		HideSolutionNode = FALSE
	EndGlobalSection
	GlobalSection(ExtensibilityGlobals) = postSolution
		SolutionGuid = {ECD13B37-C031-45F9-9F56-3895CFFDD804}
	EndGlobalSection
EndGlobal
